
Microsoft Visual Studio Solution File, Format Version 12.00
# Visual Studio Version 16
VisualStudioVersion = 16.0.30320.27
MinimumVisualStudioVersion = 10.0.40219.1
Project("{9A19103F-16F7-4668-BE54-9A1E7A4F7556}") = "Commander", "Commander\Commander.csproj", "{63794540-EAD6-40B2-9D36-10964B701296}"
EndProject
Project("{FAE04EC0-301F-11D3-BF4B-00C04F79EFBC}") = "ProBot2", "ProBot2\ProBot2.csproj", "{2825187E-C936-4D3B-907B-32551C98B7B4}"
EndProject
Global
	GlobalSection(SolutionConfigurationPlatforms) = preSolution
		Debug|Any CPU = Debug|Any CPU
		Release|Any CPU = Release|Any CPU
	EndGlobalSection
	GlobalSection(ProjectConfigurationPlatforms) = postSolution
		{63794540-EAD6-40B2-9D36-10964B701296}.Debug|Any CPU.ActiveCfg = Debug|Any CPU
		{63794540-EAD6-40B2-9D36-10964B701296}.Debug|Any CPU.Build.0 = Debug|Any CPU
		{63794540-EAD6-40B2-9D36-10964B701296}.Release|Any CPU.ActiveCfg = Release|Any CPU
		{63794540-EAD6-40B2-9D36-10964B701296}.Release|Any CPU.Build.0 = Release|Any CPU
		{2825187E-C936-4D3B-907B-32551C98B7B4}.Debug|Any CPU.ActiveCfg = Debug|Any CPU
		{2825187E-C936-4D3B-907B-32551C98B7B4}.Debug|Any CPU.Build.0 = Debug|Any CPU
		{2825187E-C936-4D3B-907B-32551C98B7B4}.Release|Any CPU.ActiveCfg = Release|Any CPU
		{2825187E-C936-4D3B-907B-32551C98B7B4}.Release|Any CPU.Build.0 = Release|Any CPU
	EndGlobalSection
	GlobalSection(SolutionProperties) = preSolution
		HideSolutionNode = FALSE
	EndGlobalSection
	GlobalSection(ExtensibilityGlobals) = postSolution
		SolutionGuid = {3DA0A968-9DE2-4C66-9547-05D7BFF1E334}
	EndGlobalSection
EndGlobal
